
Microsoft Visual Studio Solution File, Format Version 12.00
# Visual Studio Version 16
VisualStudioVersion = 16.0.30907.101
MinimumVisualStudioVersion = 10.0.40219.1
Project("{9A19103F-16F7-4668-BE54-9A1E7A4F7556}") = "Entities", "Entities\Entities.csproj", "{55EAA91C-3304-416D-8060-5C88A25F4A9C}"
EndProject
Project("{9A19103F-16F7-4668-BE54-9A1E7A4F7556}") = "DataAccess", "DataAccess\DataAccess.csproj", "{AEE55C35-4C32-40C3-B1F8-F84EE8643F24}"
EndProject
Project("{9A19103F-16F7-4668-BE54-9A1E7A4F7556}") = "Business", "Business\Business.csproj", "{087F95AF-E0FE-40AD-AA99-CBF35D75CA3F}"
EndProject
Project("{9A19103F-16F7-4668-BE54-9A1E7A4F7556}") = "ConsoleUI", "ConsoleUI\ConsoleUI.csproj", "{947293E5-BC0E-4C2E-AF98-9CC4393A2F05}"
EndProject
Project("{9A19103F-16F7-4668-BE54-9A1E7A4F7556}") = "Core", "Core\Core.csproj", "{5EA5002F-668C-48FF-A280-54E8240C5774}"
EndProject
Project("{FAE04EC0-301F-11D3-BF4B-00C04F79EFBC}") = "WebAPI", "WebAPI\WebAPI.csproj", "{063BDD20-22F4-4A5C-B2EC-749AA91E1615}"
EndProject
Global
	GlobalSection(SolutionConfigurationPlatforms) = preSolution
		Debug|Any CPU = Debug|Any CPU
		Release|Any CPU = Release|Any CPU
	EndGlobalSection
	GlobalSection(ProjectConfigurationPlatforms) = postSolution
		{55EAA91C-3304-416D-8060-5C88A25F4A9C}.Debug|Any CPU.ActiveCfg = Debug|Any CPU
		{55EAA91C-3304-416D-8060-5C88A25F4A9C}.Debug|Any CPU.Build.0 = Debug|Any CPU
		{55EAA91C-3304-416D-8060-5C88A25F4A9C}.Release|Any CPU.ActiveCfg = Release|Any CPU
		{55EAA91C-3304-416D-8060-5C88A25F4A9C}.Release|Any CPU.Build.0 = Release|Any CPU
		{AEE55C35-4C32-40C3-B1F8-F84EE8643F24}.Debug|Any CPU.ActiveCfg = Debug|Any CPU
		{AEE55C35-4C32-40C3-B1F8-F84EE8643F24}.Debug|Any CPU.Build.0 = Debug|Any CPU
		{AEE55C35-4C32-40C3-B1F8-F84EE8643F24}.Release|Any CPU.ActiveCfg = Release|Any CPU
		{AEE55C35-4C32-40C3-B1F8-F84EE8643F24}.Release|Any CPU.Build.0 = Release|Any CPU
		{087F95AF-E0FE-40AD-AA99-CBF35D75CA3F}.Debug|Any CPU.ActiveCfg = Debug|Any CPU
		{087F95AF-E0FE-40AD-AA99-CBF35D75CA3F}.Debug|Any CPU.Build.0 = Debug|Any CPU
		{087F95AF-E0FE-40AD-AA99-CBF35D75CA3F}.Release|Any CPU.ActiveCfg = Release|Any CPU
		{087F95AF-E0FE-40AD-AA99-CBF35D75CA3F}.Release|Any CPU.Build.0 = Release|Any CPU
		{947293E5-BC0E-4C2E-AF98-9CC4393A2F05}.Debug|Any CPU.ActiveCfg = Debug|Any CPU
		{947293E5-BC0E-4C2E-AF98-9CC4393A2F05}.Debug|Any CPU.Build.0 = Debug|Any CPU
		{947293E5-BC0E-4C2E-AF98-9CC4393A2F05}.Release|Any CPU.ActiveCfg = Release|Any CPU
		{947293E5-BC0E-4C2E-AF98-9CC4393A2F05}.Release|Any CPU.Build.0 = Release|Any CPU
		{5EA5002F-668C-48FF-A280-54E8240C5774}.Debug|Any CPU.ActiveCfg = Debug|Any CPU
		{5EA5002F-668C-48FF-A280-54E8240C5774}.Debug|Any CPU.Build.0 = Debug|Any CPU
		{5EA5002F-668C-48FF-A280-54E8240C5774}.Release|Any CPU.ActiveCfg = Release|Any CPU
		{5EA5002F-668C-48FF-A280-54E8240C5774}.Release|Any CPU.Build.0 = Release|Any CPU
		{063BDD20-22F4-4A5C-B2EC-749AA91E1615}.Debug|Any CPU.ActiveCfg = Debug|Any CPU
		{063BDD20-22F4-4A5C-B2EC-749AA91E1615}.Debug|Any CPU.Build.0 = Debug|Any CPU
		{063BDD20-22F4-4A5C-B2EC-749AA91E1615}.Release|Any CPU.ActiveCfg = Release|Any CPU
		{063BDD20-22F4-4A5C-B2EC-749AA91E1615}.Release|Any CPU.Build.0 = Release|Any CPU
	EndGlobalSection
	GlobalSection(SolutionProperties) = preSolution
		HideSolutionNode = FALSE
	EndGlobalSection
	GlobalSection(ExtensibilityGlobals) = postSolution
		SolutionGuid = {96A484DD-7F76-4FDD-BED1-97C1508A8749}
	EndGlobalSection
EndGlobal
